
Microsoft Visual Studio Solution File, Format Version 12.00
# Visual Studio Version 17
VisualStudioVersion = 17.11.35312.102
MinimumVisualStudioVersion = 10.0.40219.1
Project("{FAE04EC0-301F-11D3-BF4B-00C04F79EFBC}") = "AspNetCoreMvc2.Introduction", "AspNetCoreMvc2.Introduction.csproj", "{DA02133C-A1C2-4049-AE57-68A962E7CB7E}"
EndProject
Global
	GlobalSection(SolutionConfigurationPlatforms) = preSolution
		Debug|Any CPU = Debug|Any CPU
		Release|Any CPU = Release|Any CPU
	EndGlobalSection
	GlobalSection(ProjectConfigurationPlatforms) = postSolution
		{DA02133C-A1C2-4049-AE57-68A962E7CB7E}.Debug|Any CPU.ActiveCfg = Debug|Any CPU
		{DA02133C-A1C2-4049-AE57-68A962E7CB7E}.Debug|Any CPU.Build.0 = Debug|Any CPU
		{DA02133C-A1C2-4049-AE57-68A962E7CB7E}.Release|Any CPU.ActiveCfg = Release|Any CPU
		{DA02133C-A1C2-4049-AE57-68A962E7CB7E}.Release|Any CPU.Build.0 = Release|Any CPU
	EndGlobalSection
	GlobalSection(SolutionProperties) = preSolution
		HideSolutionNode = FALSE
	EndGlobalSection
	GlobalSection(ExtensibilityGlobals) = postSolution
		SolutionGuid = {AD418524-96E6-4742-845B-C6D60967353C}
	EndGlobalSection
EndGlobal
